# This file was autogenerated by Stack.
# You should not edit this file by hand.
# For more information, please see the documentation at:
#   https://docs.haskellstack.org/en/stable/lock_files

packages:
- completed:
    hackage: repa-3.4.1.4@sha256:fab455d72a702f2d8a0c9be2de1d45ea1beb8f5949d8173bb95d2e7c515a6225,3323
    pantry-tree:
      size: 2965
      sha256: 9df7e22a32219da108ee67a24a9a223973357ce40d2d920d3df994c46e98f77e
  original:
    hackage: repa-3.4.1.4
snapshots:
- completed:
    size: 532835
    url: https://raw.githubusercontent.com/commercialhaskell/stackage-snapshots/master/lts/16/24.yaml
    sha256: cf2b52420b2262fe9cf0f6744929120131abd6675b1c3fb2d8b155a47f80d103
  original: lts-16.24
